
Microsoft Visual Studio Solution File, Format Version 12.00
# Visual Studio Version 16
VisualStudioVersion = 16.0.31112.23
MinimumVisualStudioVersion = 10.0.40219.1
Project("{9A19103F-16F7-4668-BE54-9A1E7A4F7556}") = "CSVModule", "CSVModule.csproj", "{536AA4FB-4755-44FE-97C1-BB7CDA86A5A5}"
EndProject
Global
	GlobalSection(SolutionConfigurationPlatforms) = preSolution
		Debug|Any CPU = Debug|Any CPU
		Release|Any CPU = Release|Any CPU
	EndGlobalSection
	GlobalSection(ProjectConfigurationPlatforms) = postSolution
		{536AA4FB-4755-44FE-97C1-BB7CDA86A5A5}.Debug|Any CPU.ActiveCfg = Debug|Any CPU
		{536AA4FB-4755-44FE-97C1-BB7CDA86A5A5}.Debug|Any CPU.Build.0 = Debug|Any CPU
		{536AA4FB-4755-44FE-97C1-BB7CDA86A5A5}.Release|Any CPU.ActiveCfg = Release|Any CPU
		{536AA4FB-4755-44FE-97C1-BB7CDA86A5A5}.Release|Any CPU.Build.0 = Release|Any CPU
	EndGlobalSection
	GlobalSection(SolutionProperties) = preSolution
		HideSolutionNode = FALSE
	EndGlobalSection
	GlobalSection(ExtensibilityGlobals) = postSolution
		SolutionGuid = {CF10293C-11C2-4FD2-BA48-862AE87038E6}
	EndGlobalSection
EndGlobal
